# This file is generated by running "yarn install" inside your project.
# Manual changes might be lost - proceed with caution!

__metadata:
  version: 5
  cacheKey: 8

"@agv/prettier-config@npm:^1.0.6":
  version: 1.0.6
  resolution: "@agv/prettier-config@npm:1.0.6::__archiveUrl=https%3A%2F%2Fagv-293859034925.d.codeartifact.eu-central-1.amazonaws.com%3A443%2Fnpm%2Fagv-node%2F%40agv%2Fprettier-config%2F-%2Fprettier-config-1.0.6.tgz"
  peerDependencies:
    prettier: ^2.5.1
  checksum: 720316a4ff6beb9ab5656a45b2c2cc3d35bedcdd474e5ceb02e075f8021d544d7fb99aed8b863ddeb052d3184ed75584affa9bb1fe46d61610d7d720e3feecfd
  languageName: node
  linkType: hard

"@types/prettier@npm:^2":
  version: 2.4.3
  resolution: "@types/prettier@npm:2.4.3"
  checksum: b240434daabac54700c862b0bb52a83fec396e0e9c847447119ba41fd8404d79aadfa174e6306fb094b29efadac586344b7606c3a71c286b71755ab2579d54df
  languageName: node
  linkType: hard

"measureables@workspace:.":
  version: 0.0.0-use.local
  resolution: "measureables@workspace:."
  dependencies:
    "@agv/prettier-config": ^1.0.6
    "@types/prettier": ^2
    prettier: ^2.5.1
    typescript: ^4.5.5
  languageName: unknown
  linkType: soft

"prettier@npm:^2.5.1":
  version: 2.5.1
  resolution: "prettier@npm:2.5.1"
  bin:
    prettier: bin-prettier.js
  checksum: 21b9408476ea1c544b0e45d51ceb94a84789ff92095abb710942d780c862d0daebdb29972d47f6b4d0f7ebbfb0ffbf56cc2cfa3e3e9d1cca54864af185b15b66
  languageName: node
  linkType: hard

"typescript@npm:^4.5.5":
  version: 4.5.5
  resolution: "typescript@npm:4.5.5"
  bin:
    tsc: bin/tsc
    tsserver: bin/tsserver
  checksum: 506f4c919dc8aeaafa92068c997f1d213b9df4d9756d0fae1a1e7ab66b585ab3498050e236113a1c9e57ee08c21ec6814ca7a7f61378c058d79af50a4b1f5a5e
  languageName: node
  linkType: hard

"typescript@patch:typescript@^4.5.5#~builtin<compat/typescript>":
  version: 4.5.5
  resolution: "typescript@patch:typescript@npm%3A4.5.5#~builtin<compat/typescript>::version=4.5.5&hash=493e53"
  bin:
    tsc: bin/tsc
    tsserver: bin/tsserver
  checksum: c05c318d79c690f101d7ffb34cd6c7d6bbd884d3af9cefe7749ad0cd6be43c7082f098280982ca945dcba23fde34a08fed9602bb26540936baf8c0520727d3ba
  languageName: node
  linkType: hard
